
Microsoft Visual Studio Solution File, Format Version 12.00
# Visual Studio Version 16
VisualStudioVersion = 16.0.32002.261
MinimumVisualStudioVersion = 10.0.40219.1
Project("{FAE04EC0-301F-11D3-BF4B-00C04F79EFBC}") = "TDI3", "TDI3\TDI3.csproj", "{A1E03A3D-5CC0-453A-93E0-70F6FE3E9209}"
EndProject
Global
	GlobalSection(SolutionConfigurationPlatforms) = preSolution
		Debug|Any CPU = Debug|Any CPU
		Release|Any CPU = Release|Any CPU
	EndGlobalSection
	GlobalSection(ProjectConfigurationPlatforms) = postSolution
		{A1E03A3D-5CC0-453A-93E0-70F6FE3E9209}.Debug|Any CPU.ActiveCfg = Debug|Any CPU
		{A1E03A3D-5CC0-453A-93E0-70F6FE3E9209}.Debug|Any CPU.Build.0 = Debug|Any CPU
		{A1E03A3D-5CC0-453A-93E0-70F6FE3E9209}.Release|Any CPU.ActiveCfg = Release|Any CPU
		{A1E03A3D-5CC0-453A-93E0-70F6FE3E9209}.Release|Any CPU.Build.0 = Release|Any CPU
	EndGlobalSection
	GlobalSection(SolutionProperties) = preSolution
		HideSolutionNode = FALSE
	EndGlobalSection
	GlobalSection(ExtensibilityGlobals) = postSolution
		SolutionGuid = {48A61139-A4B1-4DCF-B64F-8F877DF5C6A1}
	EndGlobalSection
EndGlobal
